# This file is @generated by PDM.
# It is not intended for manual editing.

[metadata]
groups = ["default", "dev"]
strategy = ["cross_platform", "inherit_metadata"]
lock_version = "4.4.2"
content_hash = "sha256:80df1113806c96a63419ab3c63398cd39d048a31808ecfc2e49f9cf4c6e247e5"

[[package]]
name = "colorama"
version = "0.4.6"
requires_python = "!=3.0.*,!=3.1.*,!=3.2.*,!=3.3.*,!=3.4.*,!=3.5.*,!=3.6.*,>=2.7"
summary = "Cross-platform colored terminal text."
groups = ["dev"]
marker = "sys_platform == \"win32\""
files = [
    {file = "colorama-0.4.6-py2.py3-none-any.whl", hash = "sha256:4f1d9991f5acc0ca119f9d443620b77f9d6b33703e51011c16baf57afb285fc6"},
    {file = "colorama-0.4.6.tar.gz", hash = "sha256:08695f5cb7ed6e0531a20572697297273c47b8cae5a63ffc6d6ed5c201be6e44"},
]

[[package]]
name = "cython"
version = "3.0.10"
requires_python = "!=3.0.*,!=3.1.*,!=3.2.*,!=3.3.*,>=2.7"
summary = "The Cython compiler for writing C extensions in the Python language."
groups = ["dev"]
files = [
    {file = "Cython-3.0.10-cp310-cp310-macosx_10_9_x86_64.whl", hash = "sha256:e876272548d73583e90babda94c1299537006cad7a34e515a06c51b41f8657aa"},
    {file = "Cython-3.0.10-cp310-cp310-manylinux_2_17_aarch64.manylinux2014_aarch64.whl", hash = "sha256:adc377aa33c3309191e617bf675fdbb51ca727acb9dc1aa23fc698d8121f7e23"},
    {file = "Cython-3.0.10-cp310-cp310-manylinux_2_17_x86_64.manylinux2014_x86_64.whl", hash = "sha256:401aba1869a57aba2922ccb656a6320447e55ace42709b504c2f8e8b166f46e1"},
    {file = "Cython-3.0.10-cp310-cp310-manylinux_2_5_i686.manylinux1_i686.manylinux_2_17_i686.manylinux2014_i686.whl", hash = "sha256:541fbe725d6534a90b93f8c577eb70924d664b227a4631b90a6e0506d1469591"},
    {file = "Cython-3.0.10-cp310-cp310-musllinux_1_1_aarch64.whl", hash = "sha256:86998b01f6a6d48398df8467292c7637e57f7e3a2ca68655367f13f66fed7734"},
    {file = "Cython-3.0.10-cp310-cp310-musllinux_1_1_x86_64.whl", hash = "sha256:d092c0ddba7e9e530a5c5be4ac06db8360258acc27675d1fc86294a5dc8994c5"},
    {file = "Cython-3.0.10-cp310-cp310-win32.whl", hash = "sha256:3cffb666e649dba23810732497442fb339ee67ba4e0be1f0579991e83fcc2436"},
    {file = "Cython-3.0.10-cp310-cp310-win_amd64.whl", hash = "sha256:9ea31184c7b3a728ef1f81fccb161d8948c05aa86c79f63b74fb6f3ddec860ec"},
    {file = "Cython-3.0.10-cp311-cp311-macosx_10_9_x86_64.whl", hash = "sha256:051069638abfb076900b0c2bcb6facf545655b3f429e80dd14365192074af5a4"},
    {file = "Cython-3.0.10-cp311-cp311-manylinux_2_17_aarch64.manylinux2014_aarch64.whl", hash = "sha256:712760879600907189c7d0d346851525545484e13cd8b787e94bfd293da8ccf0"},
    {file = "Cython-3.0.10-cp311-cp311-manylinux_2_17_x86_64.manylinux2014_x86_64.whl", hash = "sha256:38d40fa1324ac47c04483d151f5e092406a147eac88a18aec789cf01c089c3f2"},
    {file = "Cython-3.0.10-cp311-cp311-manylinux_2_5_i686.manylinux1_i686.manylinux_2_17_i686.manylinux2014_i686.whl", hash = "sha256:5bd49a3a9fdff65446a3e1c2bfc0ec85c6ce4c3cad27cd4ad7ba150a62b7fb59"},
    {file = "Cython-3.0.10-cp311-cp311-musllinux_1_1_aarch64.whl", hash = "sha256:e8df79b596633b8295eaa48b1157d796775c2bb078f32267d32f3001b687f2fd"},
    {file = "Cython-3.0.10-cp311-cp311-musllinux_1_1_x86_64.whl", hash = "sha256:bcc9795990e525c192bc5c0775e441d7d56d7a7d02210451e9e13c0448dba51b"},
    {file = "Cython-3.0.10-cp311-cp311-win32.whl", hash = "sha256:09f2000041db482cad3bfce94e1fa3a4c82b0e57390a164c02566cbbda8c4f12"},
    {file = "Cython-3.0.10-cp311-cp311-win_amd64.whl", hash = "sha256:3919a55ec9b6c7db6f68a004c21c05ed540c40dbe459ced5d801d5a1f326a053"},
    {file = "Cython-3.0.10-cp312-cp312-macosx_10_9_x86_64.whl", hash = "sha256:8f2864ab5fcd27a346f0b50f901ebeb8f60b25a60a575ccfd982e7f3e9674914"},
    {file = "Cython-3.0.10-cp312-cp312-manylinux_2_17_aarch64.manylinux2014_aarch64.whl", hash = "sha256:407840c56385b9c085826fe300213e0e76ba15d1d47daf4b58569078ecb94446"},
    {file = "Cython-3.0.10-cp312-cp312-manylinux_2_17_x86_64.manylinux2014_x86_64.whl", hash = "sha256:5a036d00caa73550a3a976432ef21c1e3fa12637e1616aab32caded35331ae96"},
    {file = "Cython-3.0.10-cp312-cp312-manylinux_2_5_i686.manylinux1_i686.manylinux_2_17_i686.manylinux2014_i686.whl", hash = "sha256:9cc6a0e7e23a96dec3f3c9d39690d4281beabd5297855140d0d30855f950275e"},
    {file = "Cython-3.0.10-cp312-cp312-musllinux_1_1_aarch64.whl", hash = "sha256:a5e14a8c6a8157d2b0cdc2e8e3444905d20a0e78e19d2a097e89fb8b04b51f6b"},
    {file = "Cython-3.0.10-cp312-cp312-musllinux_1_1_x86_64.whl", hash = "sha256:f8a2b8fa0fd8358bccb5f3304be563c4750aae175100463d212d5ea0ec74cbe0"},
    {file = "Cython-3.0.10-cp312-cp312-win32.whl", hash = "sha256:2d29e617fd23cf4b83afe8f93f2966566c9f565918ad1e86a4502fe825cc0a79"},
    {file = "Cython-3.0.10-cp312-cp312-win_amd64.whl", hash = "sha256:6c5af936940a38c300977b81598d9c0901158f220a58c177820e17e1774f1cf1"},
    {file = "Cython-3.0.10-cp39-cp39-macosx_10_9_x86_64.whl", hash = "sha256:077b61ee789e48700e25d4a16daa4258b8e65167136e457174df400cf9b4feab"},
    {file = "Cython-3.0.10-cp39-cp39-manylinux_2_17_aarch64.manylinux2014_aarch64.whl", hash = "sha256:64f1f8bba9d8f37c0cffc934792b4ac7c42d0891077127c11deebe9fa0a0f7e4"},
    {file = "Cython-3.0.10-cp39-cp39-manylinux_2_17_x86_64.manylinux2014_x86_64.whl", hash = "sha256:651a15a8534ebfb9b58cb0b87c269c70984b6f9c88bfe65e4f635f0e3f07dfcd"},
    {file = "Cython-3.0.10-cp39-cp39-manylinux_2_5_i686.manylinux1_i686.manylinux_2_17_i686.manylinux2014_i686.whl", hash = "sha256:d10fc9aa82e5e53a0b7fd118f9771199cddac8feb4a6d8350b7d4109085aa775"},
    {file = "Cython-3.0.10-cp39-cp39-musllinux_1_1_aarch64.whl", hash = "sha256:4f610964ab252a83e573a427e28b103e2f1dd3c23bee54f32319f9e73c3c5499"},
    {file = "Cython-3.0.10-cp39-cp39-musllinux_1_1_x86_64.whl", hash = "sha256:8c9c4c4f3ab8f8c02817b0e16e8fa7b8cc880f76e9b63fe9c010e60c1a6c2b13"},
    {file = "Cython-3.0.10-cp39-cp39-win32.whl", hash = "sha256:0bac3ccdd4e03924028220c62ae3529e17efa8ca7e9df9330de95de02f582b26"},
    {file = "Cython-3.0.10-cp39-cp39-win_amd64.whl", hash = "sha256:81f356c1c8c0885b8435bfc468025f545c5d764aa9c75ab662616dd1193c331e"},
    {file = "Cython-3.0.10-py2.py3-none-any.whl", hash = "sha256:fcbb679c0b43514d591577fd0d20021c55c240ca9ccafbdb82d3fb95e5edfee2"},
    {file = "Cython-3.0.10.tar.gz", hash = "sha256:dcc96739331fb854dcf503f94607576cfe8488066c61ca50dfd55836f132de99"},
]

[[package]]
name = "exceptiongroup"
version = "1.2.1"
requires_python = ">=3.7"
summary = "Backport of PEP 654 (exception groups)"
groups = ["dev"]
marker = "python_version < \"3.11\""
files = [
    {file = "exceptiongroup-1.2.1-py3-none-any.whl", hash = "sha256:5258b9ed329c5bbdd31a309f53cbfb0b155341807f6ff7606a1e801a891b29ad"},
    {file = "exceptiongroup-1.2.1.tar.gz", hash = "sha256:a4785e48b045528f5bfe627b6ad554ff32def154f42372786903b7abcfe1aa16"},
]

[[package]]
name = "iniconfig"
version = "2.0.0"
requires_python = ">=3.7"
summary = "brain-dead simple config-ini parsing"
groups = ["dev"]
files = [
    {file = "iniconfig-2.0.0-py3-none-any.whl", hash = "sha256:b6a85871a79d2e3b22d2d1b94ac2824226a63c6b741c88f7ae975f18b6778374"},
    {file = "iniconfig-2.0.0.tar.gz", hash = "sha256:2d91e135bf72d31a410b17c16da610a82cb55f6b0477d1a902134b24a455b8b3"},
]

[[package]]
name = "mypy"
version = "1.10.1"
requires_python = ">=3.8"
summary = "Optional static typing for Python"
groups = ["dev"]
dependencies = [
    "mypy-extensions>=1.0.0",
    "tomli>=1.1.0; python_version < \"3.11\"",
    "typing-extensions>=4.1.0",
]
files = [
    {file = "mypy-1.10.1-cp310-cp310-macosx_10_9_x86_64.whl", hash = "sha256:e36f229acfe250dc660790840916eb49726c928e8ce10fbdf90715090fe4ae02"},
    {file = "mypy-1.10.1-cp310-cp310-macosx_11_0_arm64.whl", hash = "sha256:51a46974340baaa4145363b9e051812a2446cf583dfaeba124af966fa44593f7"},
    {file = "mypy-1.10.1-cp310-cp310-manylinux_2_17_x86_64.manylinux2014_x86_64.whl", hash = "sha256:901c89c2d67bba57aaaca91ccdb659aa3a312de67f23b9dfb059727cce2e2e0a"},
    {file = "mypy-1.10.1-cp310-cp310-musllinux_1_1_x86_64.whl", hash = "sha256:0cd62192a4a32b77ceb31272d9e74d23cd88c8060c34d1d3622db3267679a5d9"},
    {file = "mypy-1.10.1-cp310-cp310-win_amd64.whl", hash = "sha256:a2cbc68cb9e943ac0814c13e2452d2046c2f2b23ff0278e26599224cf164e78d"},
    {file = "mypy-1.10.1-cp311-cp311-macosx_10_9_x86_64.whl", hash = "sha256:bd6f629b67bb43dc0d9211ee98b96d8dabc97b1ad38b9b25f5e4c4d7569a0c6a"},
    {file = "mypy-1.10.1-cp311-cp311-macosx_11_0_arm64.whl", hash = "sha256:a1bbb3a6f5ff319d2b9d40b4080d46cd639abe3516d5a62c070cf0114a457d84"},
    {file = "mypy-1.10.1-cp311-cp311-manylinux_2_17_x86_64.manylinux2014_x86_64.whl", hash = "sha256:b8edd4e9bbbc9d7b79502eb9592cab808585516ae1bcc1446eb9122656c6066f"},
    {file = "mypy-1.10.1-cp311-cp311-musllinux_1_1_x86_64.whl", hash = "sha256:6166a88b15f1759f94a46fa474c7b1b05d134b1b61fca627dd7335454cc9aa6b"},
    {file = "mypy-1.10.1-cp311-cp311-win_amd64.whl", hash = "sha256:5bb9cd11c01c8606a9d0b83ffa91d0b236a0e91bc4126d9ba9ce62906ada868e"},
    {file = "mypy-1.10.1-cp312-cp312-macosx_10_9_x86_64.whl", hash = "sha256:d8681909f7b44d0b7b86e653ca152d6dff0eb5eb41694e163c6092124f8246d7"},
    {file = "mypy-1.10.1-cp312-cp312-macosx_11_0_arm64.whl", hash = "sha256:378c03f53f10bbdd55ca94e46ec3ba255279706a6aacaecac52ad248f98205d3"},
    {file = "mypy-1.10.1-cp312-cp312-manylinux_2_17_x86_64.manylinux2014_x86_64.whl", hash = "sha256:6bacf8f3a3d7d849f40ca6caea5c055122efe70e81480c8328ad29c55c69e93e"},
    {file = "mypy-1.10.1-cp312-cp312-musllinux_1_1_x86_64.whl", hash = "sha256:701b5f71413f1e9855566a34d6e9d12624e9e0a8818a5704d74d6b0402e66c04"},
    {file = "mypy-1.10.1-cp312-cp312-win_amd64.whl", hash = "sha256:3c4c2992f6ea46ff7fce0072642cfb62af7a2484efe69017ed8b095f7b39ef31"},
    {file = "mypy-1.10.1-cp39-cp39-macosx_10_9_x86_64.whl", hash = "sha256:fe85ed6836165d52ae8b88f99527d3d1b2362e0cb90b005409b8bed90e9059b3"},
    {file = "mypy-1.10.1-cp39-cp39-macosx_11_0_arm64.whl", hash = "sha256:c2ae450d60d7d020d67ab440c6e3fae375809988119817214440033f26ddf7bf"},
    {file = "mypy-1.10.1-cp39-cp39-manylinux_2_17_x86_64.manylinux2014_x86_64.whl", hash = "sha256:6be84c06e6abd72f960ba9a71561c14137a583093ffcf9bbfaf5e613d63fa531"},
    {file = "mypy-1.10.1-cp39-cp39-musllinux_1_1_x86_64.whl", hash = "sha256:2189ff1e39db399f08205e22a797383613ce1cb0cb3b13d8bcf0170e45b96cc3"},
    {file = "mypy-1.10.1-cp39-cp39-win_amd64.whl", hash = "sha256:97a131ee36ac37ce9581f4220311247ab6cba896b4395b9c87af0675a13a755f"},
    {file = "mypy-1.10.1-py3-none-any.whl", hash = "sha256:71d8ac0b906354ebda8ef1673e5fde785936ac1f29ff6987c7483cfbd5a4235a"},
    {file = "mypy-1.10.1.tar.gz", hash = "sha256:1f8f492d7db9e3593ef42d4f115f04e556130f2819ad33ab84551403e97dd4c0"},
]

[[package]]
name = "mypy-extensions"
version = "1.0.0"
requires_python = ">=3.5"
summary = "Type system extensions for programs checked with the mypy type checker."
groups = ["dev"]
files = [
    {file = "mypy_extensions-1.0.0-py3-none-any.whl", hash = "sha256:4392f6c0eb8a5668a69e23d168ffa70f0be9ccfd32b5cc2d26a34ae5b844552d"},
    {file = "mypy_extensions-1.0.0.tar.gz", hash = "sha256:75dbf8955dc00442a438fc4d0666508a9a97b6bd41aa2f0ffe9d2f2725af0782"},
]

[[package]]
name = "packaging"
version = "24.1"
requires_python = ">=3.8"
summary = "Core utilities for Python packages"
groups = ["dev"]
files = [
    {file = "packaging-24.1-py3-none-any.whl", hash = "sha256:5b8f2217dbdbd2f7f384c41c628544e6d52f2d0f53c6d0c3ea61aa5d1d7ff124"},
    {file = "packaging-24.1.tar.gz", hash = "sha256:026ed72c8ed3fcce5bf8950572258698927fd1dbda10a5e981cdf0ac37f4f002"},
]

[[package]]
name = "pluggy"
version = "1.5.0"
requires_python = ">=3.8"
summary = "plugin and hook calling mechanisms for python"
groups = ["dev"]
files = [
    {file = "pluggy-1.5.0-py3-none-any.whl", hash = "sha256:44e1ad92c8ca002de6377e165f3e0f1be63266ab4d554740532335b9d75ea669"},
    {file = "pluggy-1.5.0.tar.gz", hash = "sha256:2cffa88e94fdc978c4c574f15f9e59b7f4201d439195c3715ca9e2486f1d0cf1"},
]

[[package]]
name = "pytest"
version = "8.2.2"
requires_python = ">=3.8"
summary = "pytest: simple powerful testing with Python"
groups = ["dev"]
dependencies = [
    "colorama; sys_platform == \"win32\"",
    "exceptiongroup>=1.0.0rc8; python_version < \"3.11\"",
    "iniconfig",
    "packaging",
    "pluggy<2.0,>=1.5",
    "tomli>=1; python_version < \"3.11\"",
]
files = [
    {file = "pytest-8.2.2-py3-none-any.whl", hash = "sha256:c434598117762e2bd304e526244f67bf66bbd7b5d6cf22138be51ff661980343"},
    {file = "pytest-8.2.2.tar.gz", hash = "sha256:de4bb8104e201939ccdc688b27a89a7be2079b22e2bd2b07f806b6ba71117977"},
]

[[package]]
name = "ruff"
version = "0.4.10"
requires_python = ">=3.7"
summary = "An extremely fast Python linter and code formatter, written in Rust."
groups = ["dev"]
files = [
    {file = "ruff-0.4.10-py3-none-macosx_10_12_x86_64.whl", hash = "sha256:5c2c4d0859305ac5a16310eec40e4e9a9dec5dcdfbe92697acd99624e8638dac"},
    {file = "ruff-0.4.10-py3-none-macosx_11_0_arm64.whl", hash = "sha256:a79489607d1495685cdd911a323a35871abfb7a95d4f98fc6f85e799227ac46e"},
    {file = "ruff-0.4.10-py3-none-manylinux_2_17_aarch64.manylinux2014_aarch64.whl", hash = "sha256:b1dd1681dfa90a41b8376a61af05cc4dc5ff32c8f14f5fe20dba9ff5deb80cd6"},
    {file = "ruff-0.4.10-py3-none-manylinux_2_17_armv7l.manylinux2014_armv7l.whl", hash = "sha256:c75c53bb79d71310dc79fb69eb4902fba804a81f374bc86a9b117a8d077a1784"},
    {file = "ruff-0.4.10-py3-none-manylinux_2_17_i686.manylinux2014_i686.whl", hash = "sha256:18238c80ee3d9100d3535d8eb15a59c4a0753b45cc55f8bf38f38d6a597b9739"},
    {file = "ruff-0.4.10-py3-none-manylinux_2_17_ppc64.manylinux2014_ppc64.whl", hash = "sha256:d8f71885bce242da344989cae08e263de29752f094233f932d4f5cfb4ef36a81"},
    {file = "ruff-0.4.10-py3-none-manylinux_2_17_ppc64le.manylinux2014_ppc64le.whl", hash = "sha256:330421543bd3222cdfec481e8ff3460e8702ed1e58b494cf9d9e4bf90db52b9d"},
    {file = "ruff-0.4.10-py3-none-manylinux_2_17_s390x.manylinux2014_s390x.whl", hash = "sha256:9e9b6fb3a37b772628415b00c4fc892f97954275394ed611056a4b8a2631365e"},
    {file = "ruff-0.4.10-py3-none-manylinux_2_17_x86_64.manylinux2014_x86_64.whl", hash = "sha256:0f54c481b39a762d48f64d97351048e842861c6662d63ec599f67d515cb417f6"},
    {file = "ruff-0.4.10-py3-none-musllinux_1_2_aarch64.whl", hash = "sha256:67fe086b433b965c22de0b4259ddfe6fa541c95bf418499bedb9ad5fb8d1c631"},
    {file = "ruff-0.4.10-py3-none-musllinux_1_2_armv7l.whl", hash = "sha256:acfaaab59543382085f9eb51f8e87bac26bf96b164839955f244d07125a982ef"},
    {file = "ruff-0.4.10-py3-none-musllinux_1_2_i686.whl", hash = "sha256:3cea07079962b2941244191569cf3a05541477286f5cafea638cd3aa94b56815"},
    {file = "ruff-0.4.10-py3-none-musllinux_1_2_x86_64.whl", hash = "sha256:338a64ef0748f8c3a80d7f05785930f7965d71ca260904a9321d13be24b79695"},
    {file = "ruff-0.4.10-py3-none-win32.whl", hash = "sha256:ffe3cd2f89cb54561c62e5fa20e8f182c0a444934bf430515a4b422f1ab7b7ca"},
    {file = "ruff-0.4.10-py3-none-win_amd64.whl", hash = "sha256:67f67cef43c55ffc8cc59e8e0b97e9e60b4837c8f21e8ab5ffd5d66e196e25f7"},
    {file = "ruff-0.4.10-py3-none-win_arm64.whl", hash = "sha256:dd1fcee327c20addac7916ca4e2653fbbf2e8388d8a6477ce5b4e986b68ae6c0"},
    {file = "ruff-0.4.10.tar.gz", hash = "sha256:3aa4f2bc388a30d346c56524f7cacca85945ba124945fe489952aadb6b5cd804"},
]

[[package]]
name = "setuptools"
version = "70.1.1"
requires_python = ">=3.8"
summary = "Easily download, build, install, upgrade, and uninstall Python packages"
groups = ["dev"]
files = [
    {file = "setuptools-70.1.1-py3-none-any.whl", hash = "sha256:a58a8fde0541dab0419750bcc521fbdf8585f6e5cb41909df3a472ef7b81ca95"},
    {file = "setuptools-70.1.1.tar.gz", hash = "sha256:937a48c7cdb7a21eb53cd7f9b59e525503aa8abaf3584c730dc5f7a5bec3a650"},
]

[[package]]
name = "tomli"
version = "2.0.1"
requires_python = ">=3.7"
summary = "A lil' TOML parser"
groups = ["dev"]
marker = "python_version < \"3.11\""
files = [
    {file = "tomli-2.0.1-py3-none-any.whl", hash = "sha256:939de3e7a6161af0c887ef91b7d41a53e7c5a1ca976325f429cb46ea9bc30ecc"},
    {file = "tomli-2.0.1.tar.gz", hash = "sha256:de526c12914f0c550d15924c62d72abc48d6fe7364aa87328337a31007fe8a4f"},
]

[[package]]
name = "tree-sitter"
version = "0.22.3"
requires_python = ">=3.9"
summary = "Python bindings to the Tree-sitter parsing library"
groups = ["default"]
files = [
    {file = "tree-sitter-0.22.3.tar.gz", hash = "sha256:6516bcef5d36e0365670b97c91a169c8b1aa82ea4b60946b879020820718ce3d"},
    {file = "tree_sitter-0.22.3-cp310-cp310-macosx_10_9_x86_64.whl", hash = "sha256:d9a26dd80cf10763527483b02ba35a0b8d9168f324dbbce3f07860256c29bf15"},
    {file = "tree_sitter-0.22.3-cp310-cp310-macosx_11_0_arm64.whl", hash = "sha256:4bcbe0a7358628629d9ec8e5687477e12f7c6aae6943b0872afb7170db039b86"},
    {file = "tree_sitter-0.22.3-cp310-cp310-manylinux_2_17_aarch64.manylinux2014_aarch64.whl", hash = "sha256:dfa45e6bf2542862ce987482fe212ef3153bd331d5bba5873b9f485f8923f65a"},
    {file = "tree_sitter-0.22.3-cp310-cp310-manylinux_2_17_x86_64.manylinux2014_x86_64.whl", hash = "sha256:4545b142da82f9668007180e0081583054682d0154cd6349796ac77dc8520d63"},
    {file = "tree_sitter-0.22.3-cp310-cp310-musllinux_1_1_aarch64.whl", hash = "sha256:4978d22fe2868ab9a91125f49bd576ce5f954cc887c19471e0c33e104f37ba71"},
    {file = "tree_sitter-0.22.3-cp310-cp310-musllinux_1_1_x86_64.whl", hash = "sha256:0ec593a69f8c4f1c81494147814d11b7fc6c903e5299e084ae7b89caf95cef84"},
    {file = "tree_sitter-0.22.3-cp310-cp310-win_amd64.whl", hash = "sha256:0f66b88b8e9993630613d594e845f3cf2695fef87d0ca1475437cb17eeb72dc5"},
    {file = "tree_sitter-0.22.3-cp311-cp311-macosx_10_9_x86_64.whl", hash = "sha256:9e627eb129421f63378e936b5d0e13b8befa6e7c5267a8a7621a397a84e8f1f7"},
    {file = "tree_sitter-0.22.3-cp311-cp311-macosx_11_0_arm64.whl", hash = "sha256:3cfa2a9860bfb0404ae28a9cf056dab8f2eb7f1673d8cc9b3f7e21452daad0e0"},
    {file = "tree_sitter-0.22.3-cp311-cp311-manylinux_2_17_aarch64.manylinux2014_aarch64.whl", hash = "sha256:d9a66cc5f19635119a9d8325bcb00a58ed48427e3c3d307caf7c00d745ac83a5"},
    {file = "tree_sitter-0.22.3-cp311-cp311-manylinux_2_17_x86_64.manylinux2014_x86_64.whl", hash = "sha256:de16468ea22c910e67caa91c99be9d6eb73e97e5164480a890f678b22d32faca"},
    {file = "tree_sitter-0.22.3-cp311-cp311-musllinux_1_1_aarch64.whl", hash = "sha256:98c697427f82abab6b39cfe2ade6547d844dd419fa8cfc89031bcdf7c10579b6"},
    {file = "tree_sitter-0.22.3-cp311-cp311-musllinux_1_1_x86_64.whl", hash = "sha256:548aa34f15a29aef1fc8e85507f13e0678a54f1de16461f844d86179b19bb5f6"},
    {file = "tree_sitter-0.22.3-cp311-cp311-win_amd64.whl", hash = "sha256:2fc0e1097fb86623b340141e80a0f2b7668b09d953501d91adc715a577e32c61"},
    {file = "tree_sitter-0.22.3-cp312-cp312-macosx_10_9_x86_64.whl", hash = "sha256:7cb5c145fbd4bcc0cd4851dc4d0a6079a8e2f61257f8c0effc92434f6fb19b14"},
    {file = "tree_sitter-0.22.3-cp312-cp312-macosx_11_0_arm64.whl", hash = "sha256:d4a592080db6b9472a886f4593b4705d02630721fdbe4a700085fe775fcab20e"},
    {file = "tree_sitter-0.22.3-cp312-cp312-manylinux_2_17_aarch64.manylinux2014_aarch64.whl", hash = "sha256:f36bf523763f05edf924126583ea997f905162046c0f184d6fd040cc1ccbf2c5"},
    {file = "tree_sitter-0.22.3-cp312-cp312-manylinux_2_17_x86_64.manylinux2014_x86_64.whl", hash = "sha256:f8e1193f27c25aab299f4fc154664122c7bfe80633b726bb457356d371479a5b"},
    {file = "tree_sitter-0.22.3-cp312-cp312-musllinux_1_1_aarch64.whl", hash = "sha256:156df7e71a6c6b542ff29526cad6886a41115e42dc768c55101398d68325db54"},
    {file = "tree_sitter-0.22.3-cp312-cp312-musllinux_1_1_x86_64.whl", hash = "sha256:82e1d467ce23dd2ecc37d4fb83965e891fc37b943639c517cd5acf54a2df0ff7"},
    {file = "tree_sitter-0.22.3-cp312-cp312-win_amd64.whl", hash = "sha256:e541a0c08a04f229ba9479a8c441dd267fdaa3e5842ae70a744c178bcaf53fa3"},
    {file = "tree_sitter-0.22.3-cp39-cp39-macosx_10_9_x86_64.whl", hash = "sha256:a85a1d0fdff21cc524a959b3277c311941a9b5b91a862e462c1b55470893884a"},
    {file = "tree_sitter-0.22.3-cp39-cp39-macosx_11_0_arm64.whl", hash = "sha256:f96c6acd2799bafa28543a267937eec6a3d9ccbdeb6e1d05858114d4cd882da9"},
    {file = "tree_sitter-0.22.3-cp39-cp39-manylinux_2_17_aarch64.manylinux2014_aarch64.whl", hash = "sha256:ed2708aecd3a4c8d20a89350d3c89ac2f964985ee9117c39357cee3098a9498a"},
    {file = "tree_sitter-0.22.3-cp39-cp39-manylinux_2_17_x86_64.manylinux2014_x86_64.whl", hash = "sha256:6b2f99535aa4195b20fef18559defaabd9e12fe8ed8806c101d51820f240ca64"},
    {file = "tree_sitter-0.22.3-cp39-cp39-musllinux_1_1_aarch64.whl", hash = "sha256:459a0f3bf8d6dbb9e9f651d67cee3a60f0b799fefd4a33f49a7e9501ada98e35"},
    {file = "tree_sitter-0.22.3-cp39-cp39-musllinux_1_1_x86_64.whl", hash = "sha256:4a51bfe99dcd8bbfb0fe95113f0197e6e540db3077abce77a058235beec747a3"},
    {file = "tree_sitter-0.22.3-cp39-cp39-win_amd64.whl", hash = "sha256:8d54ef562492493bf091cb3fd605cb7e60bf1d56634a94ab48075741d823e3a5"},
]

[[package]]
name = "types-setuptools"
version = "70.1.0.20240627"
requires_python = ">=3.8"
summary = "Typing stubs for setuptools"
groups = ["dev"]
files = [
    {file = "types-setuptools-70.1.0.20240627.tar.gz", hash = "sha256:385907a47b5cf302b928ce07953cd91147d5de6f3da604c31905fdf0ec309e83"},
    {file = "types_setuptools-70.1.0.20240627-py3-none-any.whl", hash = "sha256:c7bdf05cd0a8b66868b4774c7b3c079d01ae025d8c9562bfc8bf2ff44d263c9c"},
]

[[package]]
name = "typing-extensions"
version = "4.12.2"
requires_python = ">=3.8"
summary = "Backported and Experimental Type Hints for Python 3.8+"
groups = ["dev"]
files = [
    {file = "typing_extensions-4.12.2-py3-none-any.whl", hash = "sha256:04e5ca0351e0f3f85c6853954072df659d0d13fac324d0072316b67d7794700d"},
    {file = "typing_extensions-4.12.2.tar.gz", hash = "sha256:1a7ead55c7e559dd4dee8856e3a88b41225abfe1ce8df57b7c13915fe121ffb8"},
]

[[package]]
name = "wheel"
version = "0.43.0"
requires_python = ">=3.8"
summary = "A built-package format for Python"
groups = ["dev"]
files = [
    {file = "wheel-0.43.0-py3-none-any.whl", hash = "sha256:55c570405f142630c6b9f72fe09d9b67cf1477fcf543ae5b8dcb1f5b7377da81"},
    {file = "wheel-0.43.0.tar.gz", hash = "sha256:465ef92c69fa5c5da2d1cf8ac40559a8c940886afcef87dcf14b9470862f1d85"},
]
